// !$*UTF8*$!
{
	archiveVersion = 1;
	classes = {
	};
	objectVersion = 51;
	objects = {

/* Begin PBXBuildFile section */
		6400D3CC254B4511002BF999 /* AddEntryController.swift in Sources */ = {isa = PBXBuildFile; fileRef = 6400D3CB254B4511002BF999 /* AddEntryController.swift */; };
		6400D3D0254B46F2002BF999 /* HistoryController.swift in Sources */ = {isa = PBXBuildFile; fileRef = 6400D3CF254B46F2002BF999 /* HistoryController.swift */; };
		64089E63254DC14300483B4F /* GoogleService-Info.plist in Resources */ = {isa = PBXBuildFile; fileRef = 64089E62254DC14300483B4F /* GoogleService-Info.plist */; };
		64A80B10254F3AB800D89C05 /* TransactionViewCell.swift in Sources */ = {isa = PBXBuildFile; fileRef = 64A80B0F254F3AB800D89C05 /* TransactionViewCell.swift */; };
		64C1FCEE2550116600539E83 /* TabBarController.swift in Sources */ = {isa = PBXBuildFile; fileRef = 64C1FCED2550116600539E83 /* TabBarController.swift */; };
		64EA08E22549ADFB003AC8A4 /* AppDelegate.swift in Sources */ = {isa = PBXBuildFile; fileRef = 64EA08E12549ADFB003AC8A4 /* AppDelegate.swift */; };
		64EA08E42549ADFB003AC8A4 /* SceneDelegate.swift in Sources */ = {isa = PBXBuildFile; fileRef = 64EA08E32549ADFB003AC8A4 /* SceneDelegate.swift */; };
		64EA08E62549ADFB003AC8A4 /* OverviewController.swift in Sources */ = {isa = PBXBuildFile; fileRef = 64EA08E52549ADFB003AC8A4 /* OverviewController.swift */; };
		64EA08E92549ADFB003AC8A4 /* Main.storyboard in Resources */ = {isa = PBXBuildFile; fileRef = 64EA08E72549ADFB003AC8A4 /* Main.storyboard */; };
		64EA08EB2549ADFC003AC8A4 /* Assets.xcassets in Resources */ = {isa = PBXBuildFile; fileRef = 64EA08EA2549ADFC003AC8A4 /* Assets.xcassets */; };
		64EA08EE2549ADFC003AC8A4 /* LaunchScreen.storyboard in Resources */ = {isa = PBXBuildFile; fileRef = 64EA08EC2549ADFC003AC8A4 /* LaunchScreen.storyboard */; };
		E826E5386D483F29E21AEF13 /* Pods_iSpend.framework in Frameworks */ = {isa = PBXBuildFile; fileRef = 7DE9D494FC5C6620FFA27BB7 /* Pods_iSpend.framework */; };
/* End PBXBuildFile section */

/* Begin PBXFileReference section */
		6400D3CB254B4511002BF999 /* AddEntryController.swift */ = {isa = PBXFileReference; lastKnownFileType = sourcecode.swift; path = AddEntryController.swift; sourceTree = "<group>"; };
		6400D3CF254B46F2002BF999 /* HistoryController.swift */ = {isa = PBXFileReference; lastKnownFileType = sourcecode.swift; path = HistoryController.swift; sourceTree = "<group>"; };
		64089E62254DC14300483B4F /* GoogleService-Info.plist */ = {isa = PBXFileReference; fileEncoding = 4; lastKnownFileType = text.plist.xml; path = "GoogleService-Info.plist"; sourceTree = "<group>"; };
		64A80B0F254F3AB800D89C05 /* TransactionViewCell.swift */ = {isa = PBXFileReference; lastKnownFileType = sourcecode.swift; path = TransactionViewCell.swift; sourceTree = "<group>"; };
		64C1FCED2550116600539E83 /* TabBarController.swift */ = {isa = PBXFileReference; lastKnownFileType = sourcecode.swift; path = TabBarController.swift; sourceTree = "<group>"; };
		64EA08DE2549ADFB003AC8A4 /* iSpend.app */ = {isa = PBXFileReference; explicitFileType = wrapper.application; includeInIndex = 0; path = iSpend.app; sourceTree = BUILT_PRODUCTS_DIR; };
		64EA08E12549ADFB003AC8A4 /* AppDelegate.swift */ = {isa = PBXFileReference; lastKnownFileType = sourcecode.swift; path = AppDelegate.swift; sourceTree = "<group>"; };
		64EA08E32549ADFB003AC8A4 /* SceneDelegate.swift */ = {isa = PBXFileReference; lastKnownFileType = sourcecode.swift; path = SceneDelegate.swift; sourceTree = "<group>"; };
		64EA08E52549ADFB003AC8A4 /* OverviewController.swift */ = {isa = PBXFileReference; lastKnownFileType = sourcecode.swift; path = OverviewController.swift; sourceTree = "<group>"; };
		64EA08E82549ADFB003AC8A4 /* Base */ = {isa = PBXFileReference; lastKnownFileType = file.storyboard; name = Base; path = Base.lproj/Main.storyboard; sourceTree = "<group>"; };
		64EA08EA2549ADFC003AC8A4 /* Assets.xcassets */ = {isa = PBXFileReference; lastKnownFileType = folder.assetcatalog; path = Assets.xcassets; sourceTree = "<group>"; };
		64EA08ED2549ADFC003AC8A4 /* Base */ = {isa = PBXFileReference; lastKnownFileType = file.storyboard; name = Base; path = Base.lproj/LaunchScreen.storyboard; sourceTree = "<group>"; };
		64EA08EF2549ADFC003AC8A4 /* Info.plist */ = {isa = PBXFileReference; lastKnownFileType = text.plist.xml; path = Info.plist; sourceTree = "<group>"; };
		7DE9D494FC5C6620FFA27BB7 /* Pods_iSpend.framework */ = {isa = PBXFileReference; explicitFileType = wrapper.framework; includeInIndex = 0; path = Pods_iSpend.framework; sourceTree = BUILT_PRODUCTS_DIR; };
		8B6B88D406BDCEF3766FD2E1 /* Pods-iSpend.release.xcconfig */ = {isa = PBXFileReference; includeInIndex = 1; lastKnownFileType = text.xcconfig; name = "Pods-iSpend.release.xcconfig"; path = "Target Support Files/Pods-iSpend/Pods-iSpend.release.xcconfig"; sourceTree = "<group>"; };
		B76822D293CB8814B8A85B5B /* Pods-iSpend.debug.xcconfig */ = {isa = PBXFileReference; includeInIndex = 1; lastKnownFileType = text.xcconfig; name = "Pods-iSpend.debug.xcconfig"; path = "Target Support Files/Pods-iSpend/Pods-iSpend.debug.xcconfig"; sourceTree = "<group>"; };
/* End PBXFileReference section */

/* Begin PBXFrameworksBuildPhase section */
		64EA08DB2549ADFB003AC8A4 /* Frameworks */ = {
			isa = PBXFrameworksBuildPhase;
			buildActionMask = 2147483647;
			files = (
				E826E5386D483F29E21AEF13 /* Pods_iSpend.framework in Frameworks */,
			);
			runOnlyForDeploymentPostprocessing = 0;
		};
/* End PBXFrameworksBuildPhase section */

/* Begin PBXGroup section */
		64A133642549F9DF001717AD /* Model */ = {
			isa = PBXGroup;
			children = (
			);
			path = Model;
			sourceTree = "<group>";
		};
		64EA08D52549ADFB003AC8A4 = {
			isa = PBXGroup;
			children = (
				64EA08E02549ADFB003AC8A4 /* iSpend */,
				64EA08DF2549ADFB003AC8A4 /* Products */,
				7BB38F5050EA6AF5BE2AC61C /* Pods */,
				AED7F69B14F9D44CF0D9C28E /* Frameworks */,
			);
			sourceTree = "<group>";
		};
		64EA08DF2549ADFB003AC8A4 /* Products */ = {
			isa = PBXGroup;
			children = (
				64EA08DE2549ADFB003AC8A4 /* iSpend.app */,
			);
			name = Products;
			sourceTree = "<group>";
		};
		64EA08E02549ADFB003AC8A4 /* iSpend */ = {
			isa = PBXGroup;
			children = (
				64A133642549F9DF001717AD /* Model */,
				64EA08E12549ADFB003AC8A4 /* AppDelegate.swift */,
				64EA08E32549ADFB003AC8A4 /* SceneDelegate.swift */,
				64EA08E52549ADFB003AC8A4 /* OverviewController.swift */,
				6400D3CB254B4511002BF999 /* AddEntryController.swift */,
				6400D3CF254B46F2002BF999 /* HistoryController.swift */,
				64A80B0F254F3AB800D89C05 /* TransactionViewCell.swift */,
				64EA08E72549ADFB003AC8A4 /* Main.storyboard */,
				64C1FCED2550116600539E83 /* TabBarController.swift */,
				64EA08EA2549ADFC003AC8A4 /* Assets.xcassets */,
				64EA08EC2549ADFC003AC8A4 /* LaunchScreen.storyboard */,
				64089E62254DC14300483B4F /* GoogleService-Info.plist */,
				64EA08EF2549ADFC003AC8A4 /* Info.plist */,
			);
			path = iSpend;
			sourceTree = "<group>";
		};
		7BB38F5050EA6AF5BE2AC61C /* Pods */ = {
			isa = PBXGroup;
			children = (
				B76822D293CB8814B8A85B5B /* Pods-iSpend.debug.xcconfig */,
				8B6B88D406BDCEF3766FD2E1 /* Pods-iSpend.release.xcconfig */,
			);
			path = Pods;
			sourceTree = "<group>";
		};
		AED7F69B14F9D44CF0D9C28E /* Frameworks */ = {
			isa = PBXGroup;
			children = (
				7DE9D494FC5C6620FFA27BB7 /* Pods_iSpend.framework */,
			);
			name = Frameworks;
			sourceTree = "<group>";
		};
/* End PBXGroup section */

/* Begin PBXNativeTarget section */
		64EA08DD2549ADFB003AC8A4 /* iSpend */ = {
			isa = PBXNativeTarget;
			buildConfigurationList = 64EA08F22549ADFC003AC8A4 /* Build configuration list for PBXNativeTarget "iSpend" */;
			buildPhases = (
				6DCBA107E1274D8A912D3790 /* [CP] Check Pods Manifest.lock */,
				64EA08DA2549ADFB003AC8A4 /* Sources */,
				64EA08DB2549ADFB003AC8A4 /* Frameworks */,
				64EA08DC2549ADFB003AC8A4 /* Resources */,
				AD4F2A022D0829C8B2AE983C /* [CP] Embed Pods Frameworks */,
			);
			buildRules = (
			);
			dependencies = (
			);
			name = iSpend;
			productName = iSpend;
			productReference = 64EA08DE2549ADFB003AC8A4 /* iSpend.app */;
			productType = "com.apple.product-type.application";
		};
/* End PBXNativeTarget section */

/* Begin PBXProject section */
		64EA08D62549ADFB003AC8A4 /* Project object */ = {
			isa = PBXProject;
			attributes = {
				LastSwiftUpdateCheck = 1210;
				LastUpgradeCheck = 1210;
				TargetAttributes = {
					64EA08DD2549ADFB003AC8A4 = {
						CreatedOnToolsVersion = 12.1;
					};
				};
			};
			buildConfigurationList = 64EA08D92549ADFB003AC8A4 /* Build configuration list for PBXProject "iSpend" */;
			compatibilityVersion = "Xcode 9.3";
			developmentRegion = en;
			hasScannedForEncodings = 0;
			knownRegions = (
				en,
				Base,
			);
			mainGroup = 64EA08D52549ADFB003AC8A4;
			productRefGroup = 64EA08DF2549ADFB003AC8A4 /* Products */;
			projectDirPath = "";
			projectRoot = "";
			targets = (
				64EA08DD2549ADFB003AC8A4 /* iSpend */,
			);
		};
/* End PBXProject section */

/* Begin PBXResourcesBuildPhase section */
		64EA08DC2549ADFB003AC8A4 /* Resources */ = {
			isa = PBXResourcesBuildPhase;
			buildActionMask = 2147483647;
			files = (
				64EA08EE2549ADFC003AC8A4 /* LaunchScreen.storyboard in Resources */,
				64089E63254DC14300483B4F /* GoogleService-Info.plist in Resources */,
				64EA08EB2549ADFC003AC8A4 /* Assets.xcassets in Resources */,
				64EA08E92549ADFB003AC8A4 /* Main.storyboard in Resources */,
			);
			runOnlyForDeploymentPostprocessing = 0;
		};
/* End PBXResourcesBuildPhase section */

/* Begin PBXShellScriptBuildPhase section */
		6DCBA107E1274D8A912D3790 /* [CP] Check Pods Manifest.lock */ = {
			isa = PBXShellScriptBuildPhase;
			buildActionMask = 2147483647;
			files = (
			);
			inputFileListPaths = (
			);
			inputPaths = (
				"${PODS_PODFILE_DIR_PATH}/Podfile.lock",
				"${PODS_ROOT}/Manifest.lock",
			);
			name = "[CP] Check Pods Manifest.lock";
			outputFileListPaths = (
			);
			outputPaths = (
				"$(DERIVED_FILE_DIR)/Pods-iSpend-checkManifestLockResult.txt",
			);
			runOnlyForDeploymentPostprocessing = 0;
			shellPath = /bin/sh;
			shellScript = "diff \"${PODS_PODFILE_DIR_PATH}/Podfile.lock\" \"${PODS_ROOT}/Manifest.lock\" > /dev/null\nif [ $? != 0 ] ; then\n    # print error to STDERR\n    echo \"error: The sandbox is not in sync with the Podfile.lock. Run 'pod install' or update your CocoaPods installation.\" >&2\n    exit 1\nfi\n# This output is used by Xcode 'outputs' to avoid re-running this script phase.\necho \"SUCCESS\" > \"${SCRIPT_OUTPUT_FILE_0}\"\n";
			showEnvVarsInLog = 0;
		};
		AD4F2A022D0829C8B2AE983C /* [CP] Embed Pods Frameworks */ = {
			isa = PBXShellScriptBuildPhase;
			buildActionMask = 2147483647;
			files = (
			);
			inputFileListPaths = (
				"${PODS_ROOT}/Target Support Files/Pods-iSpend/Pods-iSpend-frameworks-${CONFIGURATION}-input-files.xcfilelist",
			);
			name = "[CP] Embed Pods Frameworks";
			outputFileListPaths = (
				"${PODS_ROOT}/Target Support Files/Pods-iSpend/Pods-iSpend-frameworks-${CONFIGURATION}-output-files.xcfilelist",
			);
			runOnlyForDeploymentPostprocessing = 0;
			shellPath = /bin/sh;
			shellScript = "\"${PODS_ROOT}/Target Support Files/Pods-iSpend/Pods-iSpend-frameworks.sh\"\n";
			showEnvVarsInLog = 0;
		};
/* End PBXShellScriptBuildPhase section */

/* Begin PBXSourcesBuildPhase section */
		64EA08DA2549ADFB003AC8A4 /* Sources */ = {
			isa = PBXSourcesBuildPhase;
			buildActionMask = 2147483647;
			files = (
				6400D3CC254B4511002BF999 /* AddEntryController.swift in Sources */,
				64EA08E62549ADFB003AC8A4 /* OverviewController.swift in Sources */,
				64EA08E22549ADFB003AC8A4 /* AppDelegate.swift in Sources */,
				64EA08E42549ADFB003AC8A4 /* SceneDelegate.swift in Sources */,
				64C1FCEE2550116600539E83 /* TabBarController.swift in Sources */,
				64A80B10254F3AB800D89C05 /* TransactionViewCell.swift in Sources */,
				6400D3D0254B46F2002BF999 /* HistoryController.swift in Sources */,
			);
			runOnlyForDeploymentPostprocessing = 0;
		};
/* End PBXSourcesBuildPhase section */

/* Begin PBXVariantGroup section */
		64EA08E72549ADFB003AC8A4 /* Main.storyboard */ = {
			isa = PBXVariantGroup;
			children = (
				64EA08E82549ADFB003AC8A4 /* Base */,
			);
			name = Main.storyboard;
			sourceTree = "<group>";
		};
		64EA08EC2549ADFC003AC8A4 /* LaunchScreen.storyboard */ = {
			isa = PBXVariantGroup;
			children = (
				64EA08ED2549ADFC003AC8A4 /* Base */,
			);
			name = LaunchScreen.storyboard;
			sourceTree = "<group>";
		};
/* End PBXVariantGroup section */

/* Begin XCBuildConfiguration section */
		64EA08F02549ADFC003AC8A4 /* Debug */ = {
			isa = XCBuildConfiguration;
			buildSettings = {
				ALWAYS_SEARCH_USER_PATHS = NO;
				CLANG_ANALYZER_NONNULL = YES;
				CLANG_ANALYZER_NUMBER_OBJECT_CONVERSION = YES_AGGRESSIVE;
				CLANG_CXX_LANGUAGE_STANDARD = "gnu++14";
				CLANG_CXX_LIBRARY = "libc++";
				CLANG_ENABLE_MODULES = YES;
				CLANG_ENABLE_OBJC_ARC = YES;
				CLANG_ENABLE_OBJC_WEAK = YES;
				CLANG_WARN_BLOCK_CAPTURE_AUTORELEASING = YES;
				CLANG_WARN_BOOL_CONVERSION = YES;
				CLANG_WARN_COMMA = YES;
				CLANG_WARN_CONSTANT_CONVERSION = YES;
				CLANG_WARN_DEPRECATED_OBJC_IMPLEMENTATIONS = YES;
				CLANG_WARN_DIRECT_OBJC_ISA_USAGE = YES_ERROR;
				CLANG_WARN_DOCUMENTATION_COMMENTS = YES;
				CLANG_WARN_EMPTY_BODY = YES;
				CLANG_WARN_ENUM_CONVERSION = YES;
				CLANG_WARN_INFINITE_RECURSION = YES;
				CLANG_WARN_INT_CONVERSION = YES;
				CLANG_WARN_NON_LITERAL_NULL_CONVERSION = YES;
				CLANG_WARN_OBJC_IMPLICIT_RETAIN_SELF = YES;
				CLANG_WARN_OBJC_LITERAL_CONVERSION = YES;
				CLANG_WARN_OBJC_ROOT_CLASS = YES_ERROR;
				CLANG_WARN_QUOTED_INCLUDE_IN_FRAMEWORK_HEADER = YES;
				CLANG_WARN_RANGE_LOOP_ANALYSIS = YES;
				CLANG_WARN_STRICT_PROTOTYPES = YES;
				CLANG_WARN_SUSPICIOUS_MOVE = YES;
				CLANG_WARN_UNGUARDED_AVAILABILITY = YES_AGGRESSIVE;
				CLANG_WARN_UNREACHABLE_CODE = YES;
				CLANG_WARN__DUPLICATE_METHOD_MATCH = YES;
				COPY_PHASE_STRIP = NO;
				DEBUG_INFORMATION_FORMAT = dwarf;
				ENABLE_STRICT_OBJC_MSGSEND = YES;
				ENABLE_TESTABILITY = YES;
				GCC_C_LANGUAGE_STANDARD = gnu11;
				GCC_DYNAMIC_NO_PIC = NO;
				GCC_NO_COMMON_BLOCKS = YES;
				GCC_OPTIMIZATION_LEVEL = 0;
				GCC_PREPROCESSOR_DEFINITIONS = (
					"DEBUG=1",
					"$(inherited)",
				);
				GCC_WARN_64_TO_32_BIT_CONVERSION = YES;
				GCC_WARN_ABOUT_RETURN_TYPE = YES_ERROR;
				GCC_WARN_UNDECLARED_SELECTOR = YES;
				GCC_WARN_UNINITIALIZED_AUTOS = YES_AGGRESSIVE;
				GCC_WARN_UNUSED_FUNCTION = YES;
				GCC_WARN_UNUSED_VARIABLE = YES;
				IPHONEOS_DEPLOYMENT_TARGET = 14.1;
				MTL_ENABLE_DEBUG_INFO = INCLUDE_SOURCE;
				MTL_FAST_MATH = YES;
				ONLY_ACTIVE_ARCH = YES;
				SDKROOT = iphoneos;
				SWIFT_ACTIVE_COMPILATION_CONDITIONS = DEBUG;
				SWIFT_OPTIMIZATION_LEVEL = "-Onone";
			};
			name = Debug;
		};
		64EA08F12549ADFC003AC8A4 /* Release */ = {
			isa = XCBuildConfiguration;
			buildSettings = {
				ALWAYS_SEARCH_USER_PATHS = NO;
				CLANG_ANALYZER_NONNULL = YES;
				CLANG_ANALYZER_NUMBER_OBJECT_CONVERSION = YES_AGGRESSIVE;
				CLANG_CXX_LANGUAGE_STANDARD = "gnu++14";
				CLANG_CXX_LIBRARY = "libc++";
				CLANG_ENABLE_MODULES = YES;
				CLANG_ENABLE_OBJC_ARC = YES;
				CLANG_ENABLE_OBJC_WEAK = YES;
				CLANG_WARN_BLOCK_CAPTURE_AUTORELEASING = YES;
				CLANG_WARN_BOOL_CONVERSION = YES;
				CLANG_WARN_COMMA = YES;
				CLANG_WARN_CONSTANT_CONVERSION = YES;
				CLANG_WARN_DEPRECATED_OBJC_IMPLEMENTATIONS = YES;
				CLANG_WARN_DIRECT_OBJC_ISA_USAGE = YES_ERROR;
				CLANG_WARN_DOCUMENTATION_COMMENTS = YES;
				CLANG_WARN_EMPTY_BODY = YES;
				CLANG_WARN_ENUM_CONVERSION = YES;
				CLANG_WARN_INFINITE_RECURSION = YES;
				CLANG_WARN_INT_CONVERSION = YES;
				CLANG_WARN_NON_LITERAL_NULL_CONVERSION = YES;
				CLANG_WARN_OBJC_IMPLICIT_RETAIN_SELF = YES;
				CLANG_WARN_OBJC_LITERAL_CONVERSION = YES;
				CLANG_WARN_OBJC_ROOT_CLASS = YES_ERROR;
				CLANG_WARN_QUOTED_INCLUDE_IN_FRAMEWORK_HEADER = YES;
				CLANG_WARN_RANGE_LOOP_ANALYSIS = YES;
				CLANG_WARN_STRICT_PROTOTYPES = YES;
				CLANG_WARN_SUSPICIOUS_MOVE = YES;
				CLANG_WARN_UNGUARDED_AVAILABILITY = YES_AGGRESSIVE;
				CLANG_WARN_UNREACHABLE_CODE = YES;
				CLANG_WARN__DUPLICATE_METHOD_MATCH = YES;
				COPY_PHASE_STRIP = NO;
				DEBUG_INFORMATION_FORMAT = "dwarf-with-dsym";
				ENABLE_NS_ASSERTIONS = NO;
				ENABLE_STRICT_OBJC_MSGSEND = YES;
				GCC_C_LANGUAGE_STANDARD = gnu11;
				GCC_NO_COMMON_BLOCKS = YES;
				GCC_WARN_64_TO_32_BIT_CONVERSION = YES;
				GCC_WARN_ABOUT_RETURN_TYPE = YES_ERROR;
				GCC_WARN_UNDECLARED_SELECTOR = YES;
				GCC_WARN_UNINITIALIZED_AUTOS = YES_AGGRESSIVE;
				GCC_WARN_UNUSED_FUNCTION = YES;
				GCC_WARN_UNUSED_VARIABLE = YES;
				IPHONEOS_DEPLOYMENT_TARGET = 14.1;
				MTL_ENABLE_DEBUG_INFO = NO;
				MTL_FAST_MATH = YES;
				SDKROOT = iphoneos;
				SWIFT_COMPILATION_MODE = wholemodule;
				SWIFT_OPTIMIZATION_LEVEL = "-O";
				VALIDATE_PRODUCT = YES;
			};
			name = Release;
		};
		64EA08F32549ADFC003AC8A4 /* Debug */ = {
			isa = XCBuildConfiguration;
			baseConfigurationReference = B76822D293CB8814B8A85B5B /* Pods-iSpend.debug.xcconfig */;
			buildSettings = {
				ASSETCATALOG_COMPILER_APPICON_NAME = AppIcon;
				ASSETCATALOG_COMPILER_GLOBAL_ACCENT_COLOR_NAME = AccentColor;
				CODE_SIGN_STYLE = Automatic;
				INFOPLIST_FILE = iSpend/Info.plist;
				LD_RUNPATH_SEARCH_PATHS = (
					"$(inherited)",
					"@executable_path/Frameworks",
				);
				PRODUCT_BUNDLE_IDENTIFIER = cz.cvut.iSpend;
				PRODUCT_NAME = "$(TARGET_NAME)";
				SWIFT_VERSION = 5.0;
				TARGETED_DEVICE_FAMILY = "1,2";
			};
			name = Debug;
		};
		64EA08F42549ADFC003AC8A4 /* Release */ = {
			isa = XCBuildConfiguration;
			baseConfigurationReference = 8B6B88D406BDCEF3766FD2E1 /* Pods-iSpend.release.xcconfig */;
			buildSettings = {
				ASSETCATALOG_COMPILER_APPICON_NAME = AppIcon;
				ASSETCATALOG_COMPILER_GLOBAL_ACCENT_COLOR_NAME = AccentColor;
				CODE_SIGN_STYLE = Automatic;
				INFOPLIST_FILE = iSpend/Info.plist;
				LD_RUNPATH_SEARCH_PATHS = (
					"$(inherited)",
					"@executable_path/Frameworks",
				);
				PRODUCT_BUNDLE_IDENTIFIER = cz.cvut.iSpend;
				PRODUCT_NAME = "$(TARGET_NAME)";
				SWIFT_VERSION = 5.0;
				TARGETED_DEVICE_FAMILY = "1,2";
			};
			name = Release;
		};
/* End XCBuildConfiguration section */

/* Begin XCConfigurationList section */
		64EA08D92549ADFB003AC8A4 /* Build configuration list for PBXProject "iSpend" */ = {
			isa = XCConfigurationList;
			buildConfigurations = (
				64EA08F02549ADFC003AC8A4 /* Debug */,
				64EA08F12549ADFC003AC8A4 /* Release */,
			);
			defaultConfigurationIsVisible = 0;
			defaultConfigurationName = Release;
		};
		64EA08F22549ADFC003AC8A4 /* Build configuration list for PBXNativeTarget "iSpend" */ = {
			isa = XCConfigurationList;
			buildConfigurations = (
				64EA08F32549ADFC003AC8A4 /* Debug */,
				64EA08F42549ADFC003AC8A4 /* Release */,
			);
			defaultConfigurationIsVisible = 0;
			defaultConfigurationName = Release;
		};
/* End XCConfigurationList section */
	};
	rootObject = 64EA08D62549ADFB003AC8A4 /* Project object */;
}
